
Microsoft Visual Studio Solution File, Format Version 12.00
# Visual Studio Version 17
VisualStudioVersion = 17.5.33502.453
MinimumVisualStudioVersion = 10.0.40219.1
Project("{FAE04EC0-301F-11D3-BF4B-00C04F79EFBC}") = "Serializacja", "Serializacja\Serializacja.csproj", "{A36FF067-0FA4-4C4E-9251-7363F85DC182}"
EndProject
Global
	GlobalSection(SolutionConfigurationPlatforms) = preSolution
		Debug|Any CPU = Debug|Any CPU
		Release|Any CPU = Release|Any CPU
	EndGlobalSection
	GlobalSection(ProjectConfigurationPlatforms) = postSolution
		{A36FF067-0FA4-4C4E-9251-7363F85DC182}.Debug|Any CPU.ActiveCfg = Debug|Any CPU
		{A36FF067-0FA4-4C4E-9251-7363F85DC182}.Debug|Any CPU.Build.0 = Debug|Any CPU
		{A36FF067-0FA4-4C4E-9251-7363F85DC182}.Release|Any CPU.ActiveCfg = Release|Any CPU
		{A36FF067-0FA4-4C4E-9251-7363F85DC182}.Release|Any CPU.Build.0 = Release|Any CPU
	EndGlobalSection
	GlobalSection(SolutionProperties) = preSolution
		HideSolutionNode = FALSE
	EndGlobalSection
	GlobalSection(ExtensibilityGlobals) = postSolution
		SolutionGuid = {1E490DE5-F3CF-42CB-B266-E2C4A99B018E}
	EndGlobalSection
EndGlobal
